// !$*UTF8*$!
{
	archiveVersion = 1;
	classes = {
	};
	objectVersion = 50;
	objects = {

/* Begin PBXBuildFile section */
		5829EAB125BBA13A008C3CE2 /* AppDelegate.swift in Sources */ = {isa = PBXBuildFile; fileRef = 5829EAB025BBA13A008C3CE2 /* AppDelegate.swift */; };
		5829EAB325BBA13A008C3CE2 /* SceneDelegate.swift in Sources */ = {isa = PBXBuildFile; fileRef = 5829EAB225BBA13A008C3CE2 /* SceneDelegate.swift */; };
		5829EAB525BBA13A008C3CE2 /* ViewController.swift in Sources */ = {isa = PBXBuildFile; fileRef = 5829EAB425BBA13A008C3CE2 /* ViewController.swift */; };
		5829EAB825BBA13A008C3CE2 /* Main.storyboard in Resources */ = {isa = PBXBuildFile; fileRef = 5829EAB625BBA13A008C3CE2 /* Main.storyboard */; };
		5829EABA25BBA13D008C3CE2 /* Assets.xcassets in Resources */ = {isa = PBXBuildFile; fileRef = 5829EAB925BBA13D008C3CE2 /* Assets.xcassets */; };
		5829EABD25BBA13D008C3CE2 /* LaunchScreen.storyboard in Resources */ = {isa = PBXBuildFile; fileRef = 5829EABB25BBA13D008C3CE2 /* LaunchScreen.storyboard */; };
		5829EAC825BBA13D008C3CE2 /* meli_technical_testTests.swift in Sources */ = {isa = PBXBuildFile; fileRef = 5829EAC725BBA13D008C3CE2 /* meli_technical_testTests.swift */; };
		5829EAD325BBA13D008C3CE2 /* meli_technical_testUITests.swift in Sources */ = {isa = PBXBuildFile; fileRef = 5829EAD225BBA13D008C3CE2 /* meli_technical_testUITests.swift */; };
/* End PBXBuildFile section */

/* Begin PBXContainerItemProxy section */
		5829EAC425BBA13D008C3CE2 /* PBXContainerItemProxy */ = {
			isa = PBXContainerItemProxy;
			containerPortal = 5829EAA525BBA13A008C3CE2 /* Project object */;
			proxyType = 1;
			remoteGlobalIDString = 5829EAAC25BBA13A008C3CE2;
			remoteInfo = "meli-technical-test";
		};
		5829EACF25BBA13D008C3CE2 /* PBXContainerItemProxy */ = {
			isa = PBXContainerItemProxy;
			containerPortal = 5829EAA525BBA13A008C3CE2 /* Project object */;
			proxyType = 1;
			remoteGlobalIDString = 5829EAAC25BBA13A008C3CE2;
			remoteInfo = "meli-technical-test";
		};
/* End PBXContainerItemProxy section */

/* Begin PBXFileReference section */
		5829EAAD25BBA13A008C3CE2 /* meli-technical-test.app */ = {isa = PBXFileReference; explicitFileType = wrapper.application; includeInIndex = 0; path = "meli-technical-test.app"; sourceTree = BUILT_PRODUCTS_DIR; };
		5829EAB025BBA13A008C3CE2 /* AppDelegate.swift */ = {isa = PBXFileReference; lastKnownFileType = sourcecode.swift; path = AppDelegate.swift; sourceTree = "<group>"; };
		5829EAB225BBA13A008C3CE2 /* SceneDelegate.swift */ = {isa = PBXFileReference; lastKnownFileType = sourcecode.swift; path = SceneDelegate.swift; sourceTree = "<group>"; };
		5829EAB425BBA13A008C3CE2 /* ViewController.swift */ = {isa = PBXFileReference; lastKnownFileType = sourcecode.swift; path = ViewController.swift; sourceTree = "<group>"; };
		5829EAB725BBA13A008C3CE2 /* Base */ = {isa = PBXFileReference; lastKnownFileType = file.storyboard; name = Base; path = Base.lproj/Main.storyboard; sourceTree = "<group>"; };
		5829EAB925BBA13D008C3CE2 /* Assets.xcassets */ = {isa = PBXFileReference; lastKnownFileType = folder.assetcatalog; path = Assets.xcassets; sourceTree = "<group>"; };
		5829EABC25BBA13D008C3CE2 /* Base */ = {isa = PBXFileReference; lastKnownFileType = file.storyboard; name = Base; path = Base.lproj/LaunchScreen.storyboard; sourceTree = "<group>"; };
		5829EABE25BBA13D008C3CE2 /* Info.plist */ = {isa = PBXFileReference; lastKnownFileType = text.plist.xml; path = Info.plist; sourceTree = "<group>"; };
		5829EAC325BBA13D008C3CE2 /* meli-technical-testTests.xctest */ = {isa = PBXFileReference; explicitFileType = wrapper.cfbundle; includeInIndex = 0; path = "meli-technical-testTests.xctest"; sourceTree = BUILT_PRODUCTS_DIR; };
		5829EAC725BBA13D008C3CE2 /* meli_technical_testTests.swift */ = {isa = PBXFileReference; lastKnownFileType = sourcecode.swift; path = meli_technical_testTests.swift; sourceTree = "<group>"; };
		5829EAC925BBA13D008C3CE2 /* Info.plist */ = {isa = PBXFileReference; lastKnownFileType = text.plist.xml; path = Info.plist; sourceTree = "<group>"; };
		5829EACE25BBA13D008C3CE2 /* meli-technical-testUITests.xctest */ = {isa = PBXFileReference; explicitFileType = wrapper.cfbundle; includeInIndex = 0; path = "meli-technical-testUITests.xctest"; sourceTree = BUILT_PRODUCTS_DIR; };
		5829EAD225BBA13D008C3CE2 /* meli_technical_testUITests.swift */ = {isa = PBXFileReference; lastKnownFileType = sourcecode.swift; path = meli_technical_testUITests.swift; sourceTree = "<group>"; };
		5829EAD425BBA13D008C3CE2 /* Info.plist */ = {isa = PBXFileReference; lastKnownFileType = text.plist.xml; path = Info.plist; sourceTree = "<group>"; };
/* End PBXFileReference section */

/* Begin PBXFrameworksBuildPhase section */
		5829EAAA25BBA13A008C3CE2 /* Frameworks */ = {
			isa = PBXFrameworksBuildPhase;
			buildActionMask = 2147483647;
			files = (
			);
			runOnlyForDeploymentPostprocessing = 0;
		};
		5829EAC025BBA13D008C3CE2 /* Frameworks */ = {
			isa = PBXFrameworksBuildPhase;
			buildActionMask = 2147483647;
			files = (
			);
			runOnlyForDeploymentPostprocessing = 0;
		};
		5829EACB25BBA13D008C3CE2 /* Frameworks */ = {
			isa = PBXFrameworksBuildPhase;
			buildActionMask = 2147483647;
			files = (
			);
			runOnlyForDeploymentPostprocessing = 0;
		};
/* End PBXFrameworksBuildPhase section */

/* Begin PBXGroup section */
		5829EAA425BBA13A008C3CE2 = {
			isa = PBXGroup;
			children = (
				5829EAAF25BBA13A008C3CE2 /* meli-technical-test */,
				5829EAC625BBA13D008C3CE2 /* meli-technical-testTests */,
				5829EAD125BBA13D008C3CE2 /* meli-technical-testUITests */,
				5829EAAE25BBA13A008C3CE2 /* Products */,
			);
			sourceTree = "<group>";
		};
		5829EAAE25BBA13A008C3CE2 /* Products */ = {
			isa = PBXGroup;
			children = (
				5829EAAD25BBA13A008C3CE2 /* meli-technical-test.app */,
				5829EAC325BBA13D008C3CE2 /* meli-technical-testTests.xctest */,
				5829EACE25BBA13D008C3CE2 /* meli-technical-testUITests.xctest */,
			);
			name = Products;
			sourceTree = "<group>";
		};
		5829EAAF25BBA13A008C3CE2 /* meli-technical-test */ = {
			isa = PBXGroup;
			children = (
				5829EAB025BBA13A008C3CE2 /* AppDelegate.swift */,
				5829EAB225BBA13A008C3CE2 /* SceneDelegate.swift */,
				5829EAB425BBA13A008C3CE2 /* ViewController.swift */,
				5829EAB625BBA13A008C3CE2 /* Main.storyboard */,
				5829EAB925BBA13D008C3CE2 /* Assets.xcassets */,
				5829EABB25BBA13D008C3CE2 /* LaunchScreen.storyboard */,
				5829EABE25BBA13D008C3CE2 /* Info.plist */,
			);
			path = "meli-technical-test";
			sourceTree = "<group>";
		};
		5829EAC625BBA13D008C3CE2 /* meli-technical-testTests */ = {
			isa = PBXGroup;
			children = (
				5829EAC725BBA13D008C3CE2 /* meli_technical_testTests.swift */,
				5829EAC925BBA13D008C3CE2 /* Info.plist */,
			);
			path = "meli-technical-testTests";
			sourceTree = "<group>";
		};
		5829EAD125BBA13D008C3CE2 /* meli-technical-testUITests */ = {
			isa = PBXGroup;
			children = (
				5829EAD225BBA13D008C3CE2 /* meli_technical_testUITests.swift */,
				5829EAD425BBA13D008C3CE2 /* Info.plist */,
			);
			path = "meli-technical-testUITests";
			sourceTree = "<group>";
		};
/* End PBXGroup section */

/* Begin PBXNativeTarget section */
		5829EAAC25BBA13A008C3CE2 /* meli-technical-test */ = {
			isa = PBXNativeTarget;
			buildConfigurationList = 5829EAD725BBA13D008C3CE2 /* Build configuration list for PBXNativeTarget "meli-technical-test" */;
			buildPhases = (
				5829EAA925BBA13A008C3CE2 /* Sources */,
				5829EAAA25BBA13A008C3CE2 /* Frameworks */,
				5829EAAB25BBA13A008C3CE2 /* Resources */,
			);
			buildRules = (
			);
			dependencies = (
			);
			name = "meli-technical-test";
			productName = "meli-technical-test";
			productReference = 5829EAAD25BBA13A008C3CE2 /* meli-technical-test.app */;
			productType = "com.apple.product-type.application";
		};
		5829EAC225BBA13D008C3CE2 /* meli-technical-testTests */ = {
			isa = PBXNativeTarget;
			buildConfigurationList = 5829EADA25BBA13D008C3CE2 /* Build configuration list for PBXNativeTarget "meli-technical-testTests" */;
			buildPhases = (
				5829EABF25BBA13D008C3CE2 /* Sources */,
				5829EAC025BBA13D008C3CE2 /* Frameworks */,
				5829EAC125BBA13D008C3CE2 /* Resources */,
			);
			buildRules = (
			);
			dependencies = (
				5829EAC525BBA13D008C3CE2 /* PBXTargetDependency */,
			);
			name = "meli-technical-testTests";
			productName = "meli-technical-testTests";
			productReference = 5829EAC325BBA13D008C3CE2 /* meli-technical-testTests.xctest */;
			productType = "com.apple.product-type.bundle.unit-test";
		};
		5829EACD25BBA13D008C3CE2 /* meli-technical-testUITests */ = {
			isa = PBXNativeTarget;
			buildConfigurationList = 5829EADD25BBA13D008C3CE2 /* Build configuration list for PBXNativeTarget "meli-technical-testUITests" */;
			buildPhases = (
				5829EACA25BBA13D008C3CE2 /* Sources */,
				5829EACB25BBA13D008C3CE2 /* Frameworks */,
				5829EACC25BBA13D008C3CE2 /* Resources */,
			);
			buildRules = (
			);
			dependencies = (
				5829EAD025BBA13D008C3CE2 /* PBXTargetDependency */,
			);
			name = "meli-technical-testUITests";
			productName = "meli-technical-testUITests";
			productReference = 5829EACE25BBA13D008C3CE2 /* meli-technical-testUITests.xctest */;
			productType = "com.apple.product-type.bundle.ui-testing";
		};
/* End PBXNativeTarget section */

/* Begin PBXProject section */
		5829EAA525BBA13A008C3CE2 /* Project object */ = {
			isa = PBXProject;
			attributes = {
				LastSwiftUpdateCheck = 1230;
				LastUpgradeCheck = 1230;
				TargetAttributes = {
					5829EAAC25BBA13A008C3CE2 = {
						CreatedOnToolsVersion = 12.3;
					};
					5829EAC225BBA13D008C3CE2 = {
						CreatedOnToolsVersion = 12.3;
						TestTargetID = 5829EAAC25BBA13A008C3CE2;
					};
					5829EACD25BBA13D008C3CE2 = {
						CreatedOnToolsVersion = 12.3;
						TestTargetID = 5829EAAC25BBA13A008C3CE2;
					};
				};
			};
			buildConfigurationList = 5829EAA825BBA13A008C3CE2 /* Build configuration list for PBXProject "meli-technical-test" */;
			compatibilityVersion = "Xcode 9.3";
			developmentRegion = en;
			hasScannedForEncodings = 0;
			knownRegions = (
				en,
				Base,
			);
			mainGroup = 5829EAA425BBA13A008C3CE2;
			productRefGroup = 5829EAAE25BBA13A008C3CE2 /* Products */;
			projectDirPath = "";
			projectRoot = "";
			targets = (
				5829EAAC25BBA13A008C3CE2 /* meli-technical-test */,
				5829EAC225BBA13D008C3CE2 /* meli-technical-testTests */,
				5829EACD25BBA13D008C3CE2 /* meli-technical-testUITests */,
			);
		};
/* End PBXProject section */

/* Begin PBXResourcesBuildPhase section */
		5829EAAB25BBA13A008C3CE2 /* Resources */ = {
			isa = PBXResourcesBuildPhase;
			buildActionMask = 2147483647;
			files = (
				5829EABD25BBA13D008C3CE2 /* LaunchScreen.storyboard in Resources */,
				5829EABA25BBA13D008C3CE2 /* Assets.xcassets in Resources */,
				5829EAB825BBA13A008C3CE2 /* Main.storyboard in Resources */,
			);
			runOnlyForDeploymentPostprocessing = 0;
		};
		5829EAC125BBA13D008C3CE2 /* Resources */ = {
			isa = PBXResourcesBuildPhase;
			buildActionMask = 2147483647;
			files = (
			);
			runOnlyForDeploymentPostprocessing = 0;
		};
		5829EACC25BBA13D008C3CE2 /* Resources */ = {
			isa = PBXResourcesBuildPhase;
			buildActionMask = 2147483647;
			files = (
			);
			runOnlyForDeploymentPostprocessing = 0;
		};
/* End PBXResourcesBuildPhase section */

/* Begin PBXSourcesBuildPhase section */
		5829EAA925BBA13A008C3CE2 /* Sources */ = {
			isa = PBXSourcesBuildPhase;
			buildActionMask = 2147483647;
			files = (
				5829EAB525BBA13A008C3CE2 /* ViewController.swift in Sources */,
				5829EAB125BBA13A008C3CE2 /* AppDelegate.swift in Sources */,
				5829EAB325BBA13A008C3CE2 /* SceneDelegate.swift in Sources */,
			);
			runOnlyForDeploymentPostprocessing = 0;
		};
		5829EABF25BBA13D008C3CE2 /* Sources */ = {
			isa = PBXSourcesBuildPhase;
			buildActionMask = 2147483647;
			files = (
				5829EAC825BBA13D008C3CE2 /* meli_technical_testTests.swift in Sources */,
			);
			runOnlyForDeploymentPostprocessing = 0;
		};
		5829EACA25BBA13D008C3CE2 /* Sources */ = {
			isa = PBXSourcesBuildPhase;
			buildActionMask = 2147483647;
			files = (
				5829EAD325BBA13D008C3CE2 /* meli_technical_testUITests.swift in Sources */,
			);
			runOnlyForDeploymentPostprocessing = 0;
		};
/* End PBXSourcesBuildPhase section */

/* Begin PBXTargetDependency section */
		5829EAC525BBA13D008C3CE2 /* PBXTargetDependency */ = {
			isa = PBXTargetDependency;
			target = 5829EAAC25BBA13A008C3CE2 /* meli-technical-test */;
			targetProxy = 5829EAC425BBA13D008C3CE2 /* PBXContainerItemProxy */;
		};
		5829EAD025BBA13D008C3CE2 /* PBXTargetDependency */ = {
			isa = PBXTargetDependency;
			target = 5829EAAC25BBA13A008C3CE2 /* meli-technical-test */;
			targetProxy = 5829EACF25BBA13D008C3CE2 /* PBXContainerItemProxy */;
		};
/* End PBXTargetDependency section */

/* Begin PBXVariantGroup section */
		5829EAB625BBA13A008C3CE2 /* Main.storyboard */ = {
			isa = PBXVariantGroup;
			children = (
				5829EAB725BBA13A008C3CE2 /* Base */,
			);
			name = Main.storyboard;
			sourceTree = "<group>";
		};
		5829EABB25BBA13D008C3CE2 /* LaunchScreen.storyboard */ = {
			isa = PBXVariantGroup;
			children = (
				5829EABC25BBA13D008C3CE2 /* Base */,
			);
			name = LaunchScreen.storyboard;
			sourceTree = "<group>";
		};
/* End PBXVariantGroup section */

/* Begin XCBuildConfiguration section */
		5829EAD525BBA13D008C3CE2 /* Debug */ = {
			isa = XCBuildConfiguration;
			buildSettings = {
				ALWAYS_SEARCH_USER_PATHS = NO;
				CLANG_ANALYZER_NONNULL = YES;
				CLANG_ANALYZER_NUMBER_OBJECT_CONVERSION = YES_AGGRESSIVE;
				CLANG_CXX_LANGUAGE_STANDARD = "gnu++14";
				CLANG_CXX_LIBRARY = "libc++";
				CLANG_ENABLE_MODULES = YES;
				CLANG_ENABLE_OBJC_ARC = YES;
				CLANG_ENABLE_OBJC_WEAK = YES;
				CLANG_WARN_BLOCK_CAPTURE_AUTORELEASING = YES;
				CLANG_WARN_BOOL_CONVERSION = YES;
				CLANG_WARN_COMMA = YES;
				CLANG_WARN_CONSTANT_CONVERSION = YES;
				CLANG_WARN_DEPRECATED_OBJC_IMPLEMENTATIONS = YES;
				CLANG_WARN_DIRECT_OBJC_ISA_USAGE = YES_ERROR;
				CLANG_WARN_DOCUMENTATION_COMMENTS = YES;
				CLANG_WARN_EMPTY_BODY = YES;
				CLANG_WARN_ENUM_CONVERSION = YES;
				CLANG_WARN_INFINITE_RECURSION = YES;
				CLANG_WARN_INT_CONVERSION = YES;
				CLANG_WARN_NON_LITERAL_NULL_CONVERSION = YES;
				CLANG_WARN_OBJC_IMPLICIT_RETAIN_SELF = YES;
				CLANG_WARN_OBJC_LITERAL_CONVERSION = YES;
				CLANG_WARN_OBJC_ROOT_CLASS = YES_ERROR;
				CLANG_WARN_QUOTED_INCLUDE_IN_FRAMEWORK_HEADER = YES;
				CLANG_WARN_RANGE_LOOP_ANALYSIS = YES;
				CLANG_WARN_STRICT_PROTOTYPES = YES;
				CLANG_WARN_SUSPICIOUS_MOVE = YES;
				CLANG_WARN_UNGUARDED_AVAILABILITY = YES_AGGRESSIVE;
				CLANG_WARN_UNREACHABLE_CODE = YES;
				CLANG_WARN__DUPLICATE_METHOD_MATCH = YES;
				COPY_PHASE_STRIP = NO;
				DEBUG_INFORMATION_FORMAT = dwarf;
				ENABLE_STRICT_OBJC_MSGSEND = YES;
				ENABLE_TESTABILITY = YES;
				GCC_C_LANGUAGE_STANDARD = gnu11;
				GCC_DYNAMIC_NO_PIC = NO;
				GCC_NO_COMMON_BLOCKS = YES;
				GCC_OPTIMIZATION_LEVEL = 0;
				GCC_PREPROCESSOR_DEFINITIONS = (
					"DEBUG=1",
					"$(inherited)",
				);
				GCC_WARN_64_TO_32_BIT_CONVERSION = YES;
				GCC_WARN_ABOUT_RETURN_TYPE = YES_ERROR;
				GCC_WARN_UNDECLARED_SELECTOR = YES;
				GCC_WARN_UNINITIALIZED_AUTOS = YES_AGGRESSIVE;
				GCC_WARN_UNUSED_FUNCTION = YES;
				GCC_WARN_UNUSED_VARIABLE = YES;
				IPHONEOS_DEPLOYMENT_TARGET = 14.3;
				MTL_ENABLE_DEBUG_INFO = INCLUDE_SOURCE;
				MTL_FAST_MATH = YES;
				ONLY_ACTIVE_ARCH = YES;
				SDKROOT = iphoneos;
				SWIFT_ACTIVE_COMPILATION_CONDITIONS = DEBUG;
				SWIFT_OPTIMIZATION_LEVEL = "-Onone";
			};
			name = Debug;
		};
		5829EAD625BBA13D008C3CE2 /* Release */ = {
			isa = XCBuildConfiguration;
			buildSettings = {
				ALWAYS_SEARCH_USER_PATHS = NO;
				CLANG_ANALYZER_NONNULL = YES;
				CLANG_ANALYZER_NUMBER_OBJECT_CONVERSION = YES_AGGRESSIVE;
				CLANG_CXX_LANGUAGE_STANDARD = "gnu++14";
				CLANG_CXX_LIBRARY = "libc++";
				CLANG_ENABLE_MODULES = YES;
				CLANG_ENABLE_OBJC_ARC = YES;
				CLANG_ENABLE_OBJC_WEAK = YES;
				CLANG_WARN_BLOCK_CAPTURE_AUTORELEASING = YES;
				CLANG_WARN_BOOL_CONVERSION = YES;
				CLANG_WARN_COMMA = YES;
				CLANG_WARN_CONSTANT_CONVERSION = YES;
				CLANG_WARN_DEPRECATED_OBJC_IMPLEMENTATIONS = YES;
				CLANG_WARN_DIRECT_OBJC_ISA_USAGE = YES_ERROR;
				CLANG_WARN_DOCUMENTATION_COMMENTS = YES;
				CLANG_WARN_EMPTY_BODY = YES;
				CLANG_WARN_ENUM_CONVERSION = YES;
				CLANG_WARN_INFINITE_RECURSION = YES;
				CLANG_WARN_INT_CONVERSION = YES;
				CLANG_WARN_NON_LITERAL_NULL_CONVERSION = YES;
				CLANG_WARN_OBJC_IMPLICIT_RETAIN_SELF = YES;
				CLANG_WARN_OBJC_LITERAL_CONVERSION = YES;
				CLANG_WARN_OBJC_ROOT_CLASS = YES_ERROR;
				CLANG_WARN_QUOTED_INCLUDE_IN_FRAMEWORK_HEADER = YES;
				CLANG_WARN_RANGE_LOOP_ANALYSIS = YES;
				CLANG_WARN_STRICT_PROTOTYPES = YES;
				CLANG_WARN_SUSPICIOUS_MOVE = YES;
				CLANG_WARN_UNGUARDED_AVAILABILITY = YES_AGGRESSIVE;
				CLANG_WARN_UNREACHABLE_CODE = YES;
				CLANG_WARN__DUPLICATE_METHOD_MATCH = YES;
				COPY_PHASE_STRIP = NO;
				DEBUG_INFORMATION_FORMAT = "dwarf-with-dsym";
				ENABLE_NS_ASSERTIONS = NO;
				ENABLE_STRICT_OBJC_MSGSEND = YES;
				GCC_C_LANGUAGE_STANDARD = gnu11;
				GCC_NO_COMMON_BLOCKS = YES;
				GCC_WARN_64_TO_32_BIT_CONVERSION = YES;
				GCC_WARN_ABOUT_RETURN_TYPE = YES_ERROR;
				GCC_WARN_UNDECLARED_SELECTOR = YES;
				GCC_WARN_UNINITIALIZED_AUTOS = YES_AGGRESSIVE;
				GCC_WARN_UNUSED_FUNCTION = YES;
				GCC_WARN_UNUSED_VARIABLE = YES;
				IPHONEOS_DEPLOYMENT_TARGET = 14.3;
				MTL_ENABLE_DEBUG_INFO = NO;
				MTL_FAST_MATH = YES;
				SDKROOT = iphoneos;
				SWIFT_COMPILATION_MODE = wholemodule;
				SWIFT_OPTIMIZATION_LEVEL = "-O";
				VALIDATE_PRODUCT = YES;
			};
			name = Release;
		};
		5829EAD825BBA13D008C3CE2 /* Debug */ = {
			isa = XCBuildConfiguration;
			buildSettings = {
				ASSETCATALOG_COMPILER_APPICON_NAME = AppIcon;
				ASSETCATALOG_COMPILER_GLOBAL_ACCENT_COLOR_NAME = AccentColor;
				CODE_SIGN_STYLE = Automatic;
				DEVELOPMENT_TEAM = Z6CHGC2F72;
				INFOPLIST_FILE = "meli-technical-test/Info.plist";
				LD_RUNPATH_SEARCH_PATHS = (
					"$(inherited)",
					"@executable_path/Frameworks",
				);
				PRODUCT_BUNDLE_IDENTIFIER = "com.jfmp.meli-technical-test";
				PRODUCT_NAME = "$(TARGET_NAME)";
				SWIFT_VERSION = 5.0;
				TARGETED_DEVICE_FAMILY = "1,2";
			};
			name = Debug;
		};
		5829EAD925BBA13D008C3CE2 /* Release */ = {
			isa = XCBuildConfiguration;
			buildSettings = {
				ASSETCATALOG_COMPILER_APPICON_NAME = AppIcon;
				ASSETCATALOG_COMPILER_GLOBAL_ACCENT_COLOR_NAME = AccentColor;
				CODE_SIGN_STYLE = Automatic;
				DEVELOPMENT_TEAM = Z6CHGC2F72;
				INFOPLIST_FILE = "meli-technical-test/Info.plist";
				LD_RUNPATH_SEARCH_PATHS = (
					"$(inherited)",
					"@executable_path/Frameworks",
				);
				PRODUCT_BUNDLE_IDENTIFIER = "com.jfmp.meli-technical-test";
				PRODUCT_NAME = "$(TARGET_NAME)";
				SWIFT_VERSION = 5.0;
				TARGETED_DEVICE_FAMILY = "1,2";
			};
			name = Release;
		};
		5829EADB25BBA13D008C3CE2 /* Debug */ = {
			isa = XCBuildConfiguration;
			buildSettings = {
				ALWAYS_EMBED_SWIFT_STANDARD_LIBRARIES = YES;
				BUNDLE_LOADER = "$(TEST_HOST)";
				CODE_SIGN_STYLE = Automatic;
				DEVELOPMENT_TEAM = Z6CHGC2F72;
				INFOPLIST_FILE = "meli-technical-testTests/Info.plist";
				IPHONEOS_DEPLOYMENT_TARGET = 14.3;
				LD_RUNPATH_SEARCH_PATHS = (
					"$(inherited)",
					"@executable_path/Frameworks",
					"@loader_path/Frameworks",
				);
				PRODUCT_BUNDLE_IDENTIFIER = "com.jfmp.meli-technical-testTests";
				PRODUCT_NAME = "$(TARGET_NAME)";
				SWIFT_VERSION = 5.0;
				TARGETED_DEVICE_FAMILY = "1,2";
				TEST_HOST = "$(BUILT_PRODUCTS_DIR)/meli-technical-test.app/meli-technical-test";
			};
			name = Debug;
		};
		5829EADC25BBA13D008C3CE2 /* Release */ = {
			isa = XCBuildConfiguration;
			buildSettings = {
				ALWAYS_EMBED_SWIFT_STANDARD_LIBRARIES = YES;
				BUNDLE_LOADER = "$(TEST_HOST)";
				CODE_SIGN_STYLE = Automatic;
				DEVELOPMENT_TEAM = Z6CHGC2F72;
				INFOPLIST_FILE = "meli-technical-testTests/Info.plist";
				IPHONEOS_DEPLOYMENT_TARGET = 14.3;
				LD_RUNPATH_SEARCH_PATHS = (
					"$(inherited)",
					"@executable_path/Frameworks",
					"@loader_path/Frameworks",
				);
				PRODUCT_BUNDLE_IDENTIFIER = "com.jfmp.meli-technical-testTests";
				PRODUCT_NAME = "$(TARGET_NAME)";
				SWIFT_VERSION = 5.0;
				TARGETED_DEVICE_FAMILY = "1,2";
				TEST_HOST = "$(BUILT_PRODUCTS_DIR)/meli-technical-test.app/meli-technical-test";
			};
			name = Release;
		};
		5829EADE25BBA13D008C3CE2 /* Debug */ = {
			isa = XCBuildConfiguration;
			buildSettings = {
				ALWAYS_EMBED_SWIFT_STANDARD_LIBRARIES = YES;
				CODE_SIGN_STYLE = Automatic;
				DEVELOPMENT_TEAM = Z6CHGC2F72;
				INFOPLIST_FILE = "meli-technical-testUITests/Info.plist";
				LD_RUNPATH_SEARCH_PATHS = (
					"$(inherited)",
					"@executable_path/Frameworks",
					"@loader_path/Frameworks",
				);
				PRODUCT_BUNDLE_IDENTIFIER = "com.jfmp.meli-technical-testUITests";
				PRODUCT_NAME = "$(TARGET_NAME)";
				SWIFT_VERSION = 5.0;
				TARGETED_DEVICE_FAMILY = "1,2";
				TEST_TARGET_NAME = "meli-technical-test";
			};
			name = Debug;
		};
		5829EADF25BBA13D008C3CE2 /* Release */ = {
			isa = XCBuildConfiguration;
			buildSettings = {
				ALWAYS_EMBED_SWIFT_STANDARD_LIBRARIES = YES;
				CODE_SIGN_STYLE = Automatic;
				DEVELOPMENT_TEAM = Z6CHGC2F72;
				INFOPLIST_FILE = "meli-technical-testUITests/Info.plist";
				LD_RUNPATH_SEARCH_PATHS = (
					"$(inherited)",
					"@executable_path/Frameworks",
					"@loader_path/Frameworks",
				);
				PRODUCT_BUNDLE_IDENTIFIER = "com.jfmp.meli-technical-testUITests";
				PRODUCT_NAME = "$(TARGET_NAME)";
				SWIFT_VERSION = 5.0;
				TARGETED_DEVICE_FAMILY = "1,2";
				TEST_TARGET_NAME = "meli-technical-test";
			};
			name = Release;
		};
/* End XCBuildConfiguration section */

/* Begin XCConfigurationList section */
		5829EAA825BBA13A008C3CE2 /* Build configuration list for PBXProject "meli-technical-test" */ = {
			isa = XCConfigurationList;
			buildConfigurations = (
				5829EAD525BBA13D008C3CE2 /* Debug */,
				5829EAD625BBA13D008C3CE2 /* Release */,
			);
			defaultConfigurationIsVisible = 0;
			defaultConfigurationName = Release;
		};
		5829EAD725BBA13D008C3CE2 /* Build configuration list for PBXNativeTarget "meli-technical-test" */ = {
			isa = XCConfigurationList;
			buildConfigurations = (
				5829EAD825BBA13D008C3CE2 /* Debug */,
				5829EAD925BBA13D008C3CE2 /* Release */,
			);
			defaultConfigurationIsVisible = 0;
			defaultConfigurationName = Release;
		};
		5829EADA25BBA13D008C3CE2 /* Build configuration list for PBXNativeTarget "meli-technical-testTests" */ = {
			isa = XCConfigurationList;
			buildConfigurations = (
				5829EADB25BBA13D008C3CE2 /* Debug */,
				5829EADC25BBA13D008C3CE2 /* Release */,
			);
			defaultConfigurationIsVisible = 0;
			defaultConfigurationName = Release;
		};
		5829EADD25BBA13D008C3CE2 /* Build configuration list for PBXNativeTarget "meli-technical-testUITests" */ = {
			isa = XCConfigurationList;
			buildConfigurations = (
				5829EADE25BBA13D008C3CE2 /* Debug */,
				5829EADF25BBA13D008C3CE2 /* Release */,
			);
			defaultConfigurationIsVisible = 0;
			defaultConfigurationName = Release;
		};
/* End XCConfigurationList section */
	};
	rootObject = 5829EAA525BBA13A008C3CE2 /* Project object */;
}
